version = 1
revision = 1
requires-python = ">=3.12"

[[package]]
name = "certifi"
version = "2025.1.31"
source = { registry = "https://pypi.org/simple" }
sdist = { url = "https://files.pythonhosted.org/packages/1c/ab/c9f1e32b7b1bf505bf26f0ef697775960db7932abeb7b516de930ba2705f/certifi-2025.1.31.tar.gz", hash = "sha256:3d5da6925056f6f18f119200434a4780a94263f10d1c21d032a6f6b2baa20651", size = 167577 }
wheels = [
    { url = "https://files.pythonhosted.org/packages/38/fc/bce832fd4fd99766c04d1ee0eead6b0ec6486fb100ae5e74c1d91292b982/certifi-2025.1.31-py3-none-any.whl", hash = "sha256:ca78db4565a652026a4db2bcdf68f2fb589ea80d0be70e03929ed730746b84fe", size = 166393 },
]

[[package]]
name = "sentry-sdk"
version = "2.26.1"
source = { registry = "https://pypi.org/simple" }
dependencies = [
    { name = "certifi" },
    { name = "urllib3" },
]
sdist = { url = "https://files.pythonhosted.org/packages/85/26/099631caa51abffb1fd9e08c2138bc6681d3f288a5936c2fc4e054729611/sentry_sdk-2.26.1.tar.gz", hash = "sha256:759e019c41551a21519a95e6cef6d91fb4af1054761923dadaee2e6eca9c02c7", size = 323099 }
wheels = [
    { url = "https://files.pythonhosted.org/packages/23/32/0a30b4fafdb3d26d133f99bb566aaa6000004ee7f2c4b72aafea9237ab7e/sentry_sdk-2.26.1-py2.py3-none-any.whl", hash = "sha256:e99390e3f217d13ddcbaeaed08789f1ca614d663b345b9da42e35ad6b60d696a", size = 340558 },
]

[[package]]
name = "sentry-test"
version = "0.1.0"
source = { virtual = "." }
dependencies = [
    { name = "sentry-sdk" },
]

[package.metadata]
requires-dist = [{ name = "sentry-sdk", specifier = ">=2.26.1" }]

[[package]]
name = "urllib3"
version = "2.4.0"
source = { registry = "https://pypi.org/simple" }
sdist = { url = "https://files.pythonhosted.org/packages/8a/78/16493d9c386d8e60e442a35feac5e00f0913c0f4b7c217c11e8ec2ff53e0/urllib3-2.4.0.tar.gz", hash = "sha256:414bc6535b787febd7567804cc015fee39daab8ad86268f1310a9250697de466", size = 390672 }
wheels = [
    { url = "https://files.pythonhosted.org/packages/6b/11/cc635220681e93a0183390e26485430ca2c7b5f9d33b15c74c2861cb8091/urllib3-2.4.0-py3-none-any.whl", hash = "sha256:4e16665048960a0900c702d4a66415956a584919c03361cac9f1df5c5dd7e813", size = 128680 },
]
